// !$*UTF8*$!
{
	archiveVersion = 1;
	classes = {
	};
	objectVersion = 56;
	objects = {

/* Begin PBXBuildFile section */
		173048912958B7FE00882EAD /* AppDelegate.swift in Sources */ = {isa = PBXBuildFile; fileRef = 173048902958B7FE00882EAD /* AppDelegate.swift */; };
		173048932958B7FE00882EAD /* SceneDelegate.swift in Sources */ = {isa = PBXBuildFile; fileRef = 173048922958B7FE00882EAD /* SceneDelegate.swift */; };
		173048952958B7FE00882EAD /* MainViewController.swift in Sources */ = {isa = PBXBuildFile; fileRef = 173048942958B7FE00882EAD /* MainViewController.swift */; };
		1730489A2958B80100882EAD /* Assets.xcassets in Resources */ = {isa = PBXBuildFile; fileRef = 173048992958B80100882EAD /* Assets.xcassets */; };
		1730489D2958B80100882EAD /* LaunchScreen.storyboard in Resources */ = {isa = PBXBuildFile; fileRef = 1730489B2958B80100882EAD /* LaunchScreen.storyboard */; };
		173048A52958C1AF00882EAD /* TotalBillView.swift in Sources */ = {isa = PBXBuildFile; fileRef = 173048A42958C1AF00882EAD /* TotalBillView.swift */; };
		173048A7295A362B00882EAD /* PersonsView.swift in Sources */ = {isa = PBXBuildFile; fileRef = 173048A6295A362B00882EAD /* PersonsView.swift */; };
		173048AB295B196200882EAD /* TipsCollectionViewCell.swift in Sources */ = {isa = PBXBuildFile; fileRef = 173048AA295B196200882EAD /* TipsCollectionViewCell.swift */; };
		173048B3295B1B1A00882EAD /* TipsView.swift in Sources */ = {isa = PBXBuildFile; fileRef = 173048B2295B1B1A00882EAD /* TipsView.swift */; };
/* End PBXBuildFile section */

/* Begin PBXFileReference section */
		1730488D2958B7FE00882EAD /* TotalBill.app */ = {isa = PBXFileReference; explicitFileType = wrapper.application; includeInIndex = 0; path = TotalBill.app; sourceTree = BUILT_PRODUCTS_DIR; };
		173048902958B7FE00882EAD /* AppDelegate.swift */ = {isa = PBXFileReference; lastKnownFileType = sourcecode.swift; path = AppDelegate.swift; sourceTree = "<group>"; };
		173048922958B7FE00882EAD /* SceneDelegate.swift */ = {isa = PBXFileReference; lastKnownFileType = sourcecode.swift; path = SceneDelegate.swift; sourceTree = "<group>"; };
		173048942958B7FE00882EAD /* MainViewController.swift */ = {isa = PBXFileReference; lastKnownFileType = sourcecode.swift; path = MainViewController.swift; sourceTree = "<group>"; };
		173048992958B80100882EAD /* Assets.xcassets */ = {isa = PBXFileReference; lastKnownFileType = folder.assetcatalog; path = Assets.xcassets; sourceTree = "<group>"; };
		1730489C2958B80100882EAD /* Base */ = {isa = PBXFileReference; lastKnownFileType = file.storyboard; name = Base; path = Base.lproj/LaunchScreen.storyboard; sourceTree = "<group>"; };
		1730489E2958B80100882EAD /* Info.plist */ = {isa = PBXFileReference; lastKnownFileType = text.plist.xml; path = Info.plist; sourceTree = "<group>"; };
		173048A42958C1AF00882EAD /* TotalBillView.swift */ = {isa = PBXFileReference; lastKnownFileType = sourcecode.swift; path = TotalBillView.swift; sourceTree = "<group>"; };
		173048A6295A362B00882EAD /* PersonsView.swift */ = {isa = PBXFileReference; lastKnownFileType = sourcecode.swift; path = PersonsView.swift; sourceTree = "<group>"; };
		173048AA295B196200882EAD /* TipsCollectionViewCell.swift */ = {isa = PBXFileReference; lastKnownFileType = sourcecode.swift; path = TipsCollectionViewCell.swift; sourceTree = "<group>"; };
		173048B2295B1B1A00882EAD /* TipsView.swift */ = {isa = PBXFileReference; lastKnownFileType = sourcecode.swift; path = TipsView.swift; sourceTree = "<group>"; };
/* End PBXFileReference section */

/* Begin PBXFrameworksBuildPhase section */
		1730488A2958B7FE00882EAD /* Frameworks */ = {
			isa = PBXFrameworksBuildPhase;
			buildActionMask = 2147483647;
			files = (
			);
			runOnlyForDeploymentPostprocessing = 0;
		};
/* End PBXFrameworksBuildPhase section */

/* Begin PBXGroup section */
		173048842958B7FE00882EAD = {
			isa = PBXGroup;
			children = (
				1730488F2958B7FE00882EAD /* TotalBill */,
				1730488E2958B7FE00882EAD /* Products */,
			);
			sourceTree = "<group>";
		};
		1730488E2958B7FE00882EAD /* Products */ = {
			isa = PBXGroup;
			children = (
				1730488D2958B7FE00882EAD /* TotalBill.app */,
			);
			name = Products;
			sourceTree = "<group>";
		};
		1730488F2958B7FE00882EAD /* TotalBill */ = {
			isa = PBXGroup;
			children = (
				173048B1295B19C900882EAD /* SupportFiles */,
				173048B0295B19BC00882EAD /* Resources */,
				173048AE295B198B00882EAD /* Views */,
				173048AD295B197E00882EAD /* Controller */,
				173048AC295B196F00882EAD /* Application */,
			);
			path = TotalBill;
			sourceTree = "<group>";
		};
		173048AC295B196F00882EAD /* Application */ = {
			isa = PBXGroup;
			children = (
				173048902958B7FE00882EAD /* AppDelegate.swift */,
				173048922958B7FE00882EAD /* SceneDelegate.swift */,
			);
			path = Application;
			sourceTree = "<group>";
		};
		173048AD295B197E00882EAD /* Controller */ = {
			isa = PBXGroup;
			children = (
				173048942958B7FE00882EAD /* MainViewController.swift */,
			);
			path = Controller;
			sourceTree = "<group>";
		};
		173048AE295B198B00882EAD /* Views */ = {
			isa = PBXGroup;
			children = (
				173048AF295B199E00882EAD /* Cells */,
				173048A42958C1AF00882EAD /* TotalBillView.swift */,
				173048A6295A362B00882EAD /* PersonsView.swift */,
				173048B2295B1B1A00882EAD /* TipsView.swift */,
			);
			path = Views;
			sourceTree = "<group>";
		};
		173048AF295B199E00882EAD /* Cells */ = {
			isa = PBXGroup;
			children = (
				173048AA295B196200882EAD /* TipsCollectionViewCell.swift */,
			);
			path = Cells;
			sourceTree = "<group>";
		};
		173048B0295B19BC00882EAD /* Resources */ = {
			isa = PBXGroup;
			children = (
				173048992958B80100882EAD /* Assets.xcassets */,
			);
			path = Resources;
			sourceTree = "<group>";
		};
		173048B1295B19C900882EAD /* SupportFiles */ = {
			isa = PBXGroup;
			children = (
				1730489B2958B80100882EAD /* LaunchScreen.storyboard */,
				1730489E2958B80100882EAD /* Info.plist */,
			);
			path = SupportFiles;
			sourceTree = "<group>";
		};
/* End PBXGroup section */

/* Begin PBXNativeTarget section */
		1730488C2958B7FE00882EAD /* TotalBill */ = {
			isa = PBXNativeTarget;
			buildConfigurationList = 173048A12958B80100882EAD /* Build configuration list for PBXNativeTarget "TotalBill" */;
			buildPhases = (
				173048892958B7FE00882EAD /* Sources */,
				1730488A2958B7FE00882EAD /* Frameworks */,
				1730488B2958B7FE00882EAD /* Resources */,
			);
			buildRules = (
			);
			dependencies = (
			);
			name = TotalBill;
			productName = TotalBill;
			productReference = 1730488D2958B7FE00882EAD /* TotalBill.app */;
			productType = "com.apple.product-type.application";
		};
/* End PBXNativeTarget section */

/* Begin PBXProject section */
		173048852958B7FE00882EAD /* Project object */ = {
			isa = PBXProject;
			attributes = {
				BuildIndependentTargetsInParallel = 1;
				LastSwiftUpdateCheck = 1420;
				LastUpgradeCheck = 1420;
				TargetAttributes = {
					1730488C2958B7FE00882EAD = {
						CreatedOnToolsVersion = 14.2;
					};
				};
			};
			buildConfigurationList = 173048882958B7FE00882EAD /* Build configuration list for PBXProject "TotalBill" */;
			compatibilityVersion = "Xcode 14.0";
			developmentRegion = en;
			hasScannedForEncodings = 0;
			knownRegions = (
				en,
				Base,
			);
			mainGroup = 173048842958B7FE00882EAD;
			productRefGroup = 1730488E2958B7FE00882EAD /* Products */;
			projectDirPath = "";
			projectRoot = "";
			targets = (
				1730488C2958B7FE00882EAD /* TotalBill */,
			);
		};
/* End PBXProject section */

/* Begin PBXResourcesBuildPhase section */
		1730488B2958B7FE00882EAD /* Resources */ = {
			isa = PBXResourcesBuildPhase;
			buildActionMask = 2147483647;
			files = (
				1730489D2958B80100882EAD /* LaunchScreen.storyboard in Resources */,
				1730489A2958B80100882EAD /* Assets.xcassets in Resources */,
			);
			runOnlyForDeploymentPostprocessing = 0;
		};
/* End PBXResourcesBuildPhase section */

/* Begin PBXSourcesBuildPhase section */
		173048892958B7FE00882EAD /* Sources */ = {
			isa = PBXSourcesBuildPhase;
			buildActionMask = 2147483647;
			files = (
				173048A52958C1AF00882EAD /* TotalBillView.swift in Sources */,
				173048952958B7FE00882EAD /* MainViewController.swift in Sources */,
				173048912958B7FE00882EAD /* AppDelegate.swift in Sources */,
				173048AB295B196200882EAD /* TipsCollectionViewCell.swift in Sources */,
				173048B3295B1B1A00882EAD /* TipsView.swift in Sources */,
				173048A7295A362B00882EAD /* PersonsView.swift in Sources */,
				173048932958B7FE00882EAD /* SceneDelegate.swift in Sources */,
			);
			runOnlyForDeploymentPostprocessing = 0;
		};
/* End PBXSourcesBuildPhase section */

/* Begin PBXVariantGroup section */
		1730489B2958B80100882EAD /* LaunchScreen.storyboard */ = {
			isa = PBXVariantGroup;
			children = (
				1730489C2958B80100882EAD /* Base */,
			);
			name = LaunchScreen.storyboard;
			sourceTree = "<group>";
		};
/* End PBXVariantGroup section */

/* Begin XCBuildConfiguration section */
		1730489F2958B80100882EAD /* Debug */ = {
			isa = XCBuildConfiguration;
			buildSettings = {
				ALWAYS_SEARCH_USER_PATHS = NO;
				CLANG_ANALYZER_NONNULL = YES;
				CLANG_ANALYZER_NUMBER_OBJECT_CONVERSION = YES_AGGRESSIVE;
				CLANG_CXX_LANGUAGE_STANDARD = "gnu++20";
				CLANG_ENABLE_MODULES = YES;
				CLANG_ENABLE_OBJC_ARC = YES;
				CLANG_ENABLE_OBJC_WEAK = YES;
				CLANG_WARN_BLOCK_CAPTURE_AUTORELEASING = YES;
				CLANG_WARN_BOOL_CONVERSION = YES;
				CLANG_WARN_COMMA = YES;
				CLANG_WARN_CONSTANT_CONVERSION = YES;
				CLANG_WARN_DEPRECATED_OBJC_IMPLEMENTATIONS = YES;
				CLANG_WARN_DIRECT_OBJC_ISA_USAGE = YES_ERROR;
				CLANG_WARN_DOCUMENTATION_COMMENTS = YES;
				CLANG_WARN_EMPTY_BODY = YES;
				CLANG_WARN_ENUM_CONVERSION = YES;
				CLANG_WARN_INFINITE_RECURSION = YES;
				CLANG_WARN_INT_CONVERSION = YES;
				CLANG_WARN_NON_LITERAL_NULL_CONVERSION = YES;
				CLANG_WARN_OBJC_IMPLICIT_RETAIN_SELF = YES;
				CLANG_WARN_OBJC_LITERAL_CONVERSION = YES;
				CLANG_WARN_OBJC_ROOT_CLASS = YES_ERROR;
				CLANG_WARN_QUOTED_INCLUDE_IN_FRAMEWORK_HEADER = YES;
				CLANG_WARN_RANGE_LOOP_ANALYSIS = YES;
				CLANG_WARN_STRICT_PROTOTYPES = YES;
				CLANG_WARN_SUSPICIOUS_MOVE = YES;
				CLANG_WARN_UNGUARDED_AVAILABILITY = YES_AGGRESSIVE;
				CLANG_WARN_UNREACHABLE_CODE = YES;
				CLANG_WARN__DUPLICATE_METHOD_MATCH = YES;
				COPY_PHASE_STRIP = NO;
				DEBUG_INFORMATION_FORMAT = dwarf;
				ENABLE_STRICT_OBJC_MSGSEND = YES;
				ENABLE_TESTABILITY = YES;
				GCC_C_LANGUAGE_STANDARD = gnu11;
				GCC_DYNAMIC_NO_PIC = NO;
				GCC_NO_COMMON_BLOCKS = YES;
				GCC_OPTIMIZATION_LEVEL = 0;
				GCC_PREPROCESSOR_DEFINITIONS = (
					"DEBUG=1",
					"$(inherited)",
				);
				GCC_WARN_64_TO_32_BIT_CONVERSION = YES;
				GCC_WARN_ABOUT_RETURN_TYPE = YES_ERROR;
				GCC_WARN_UNDECLARED_SELECTOR = YES;
				GCC_WARN_UNINITIALIZED_AUTOS = YES_AGGRESSIVE;
				GCC_WARN_UNUSED_FUNCTION = YES;
				GCC_WARN_UNUSED_VARIABLE = YES;
				IPHONEOS_DEPLOYMENT_TARGET = 16.2;
				MTL_ENABLE_DEBUG_INFO = INCLUDE_SOURCE;
				MTL_FAST_MATH = YES;
				ONLY_ACTIVE_ARCH = YES;
				SDKROOT = iphoneos;
				SWIFT_ACTIVE_COMPILATION_CONDITIONS = DEBUG;
				SWIFT_OPTIMIZATION_LEVEL = "-Onone";
			};
			name = Debug;
		};
		173048A02958B80100882EAD /* Release */ = {
			isa = XCBuildConfiguration;
			buildSettings = {
				ALWAYS_SEARCH_USER_PATHS = NO;
				CLANG_ANALYZER_NONNULL = YES;
				CLANG_ANALYZER_NUMBER_OBJECT_CONVERSION = YES_AGGRESSIVE;
				CLANG_CXX_LANGUAGE_STANDARD = "gnu++20";
				CLANG_ENABLE_MODULES = YES;
				CLANG_ENABLE_OBJC_ARC = YES;
				CLANG_ENABLE_OBJC_WEAK = YES;
				CLANG_WARN_BLOCK_CAPTURE_AUTORELEASING = YES;
				CLANG_WARN_BOOL_CONVERSION = YES;
				CLANG_WARN_COMMA = YES;
				CLANG_WARN_CONSTANT_CONVERSION = YES;
				CLANG_WARN_DEPRECATED_OBJC_IMPLEMENTATIONS = YES;
				CLANG_WARN_DIRECT_OBJC_ISA_USAGE = YES_ERROR;
				CLANG_WARN_DOCUMENTATION_COMMENTS = YES;
				CLANG_WARN_EMPTY_BODY = YES;
				CLANG_WARN_ENUM_CONVERSION = YES;
				CLANG_WARN_INFINITE_RECURSION = YES;
				CLANG_WARN_INT_CONVERSION = YES;
				CLANG_WARN_NON_LITERAL_NULL_CONVERSION = YES;
				CLANG_WARN_OBJC_IMPLICIT_RETAIN_SELF = YES;
				CLANG_WARN_OBJC_LITERAL_CONVERSION = YES;
				CLANG_WARN_OBJC_ROOT_CLASS = YES_ERROR;
				CLANG_WARN_QUOTED_INCLUDE_IN_FRAMEWORK_HEADER = YES;
				CLANG_WARN_RANGE_LOOP_ANALYSIS = YES;
				CLANG_WARN_STRICT_PROTOTYPES = YES;
				CLANG_WARN_SUSPICIOUS_MOVE = YES;
				CLANG_WARN_UNGUARDED_AVAILABILITY = YES_AGGRESSIVE;
				CLANG_WARN_UNREACHABLE_CODE = YES;
				CLANG_WARN__DUPLICATE_METHOD_MATCH = YES;
				COPY_PHASE_STRIP = NO;
				DEBUG_INFORMATION_FORMAT = "dwarf-with-dsym";
				ENABLE_NS_ASSERTIONS = NO;
				ENABLE_STRICT_OBJC_MSGSEND = YES;
				GCC_C_LANGUAGE_STANDARD = gnu11;
				GCC_NO_COMMON_BLOCKS = YES;
				GCC_WARN_64_TO_32_BIT_CONVERSION = YES;
				GCC_WARN_ABOUT_RETURN_TYPE = YES_ERROR;
				GCC_WARN_UNDECLARED_SELECTOR = YES;
				GCC_WARN_UNINITIALIZED_AUTOS = YES_AGGRESSIVE;
				GCC_WARN_UNUSED_FUNCTION = YES;
				GCC_WARN_UNUSED_VARIABLE = YES;
				IPHONEOS_DEPLOYMENT_TARGET = 16.2;
				MTL_ENABLE_DEBUG_INFO = NO;
				MTL_FAST_MATH = YES;
				SDKROOT = iphoneos;
				SWIFT_COMPILATION_MODE = wholemodule;
				SWIFT_OPTIMIZATION_LEVEL = "-O";
				VALIDATE_PRODUCT = YES;
			};
			name = Release;
		};
		173048A22958B80100882EAD /* Debug */ = {
			isa = XCBuildConfiguration;
			buildSettings = {
				ASSETCATALOG_COMPILER_APPICON_NAME = AppIcon;
				ASSETCATALOG_COMPILER_GLOBAL_ACCENT_COLOR_NAME = AccentColor;
				CODE_SIGN_STYLE = Automatic;
				CURRENT_PROJECT_VERSION = 1;
				DEVELOPMENT_TEAM = 6CZNS4ZZ97;
				GENERATE_INFOPLIST_FILE = YES;
				INFOPLIST_FILE = TotalBill/SupportFiles/Info.plist;
				INFOPLIST_KEY_UIApplicationSupportsIndirectInputEvents = YES;
				INFOPLIST_KEY_UILaunchStoryboardName = LaunchScreen;
				INFOPLIST_KEY_UISupportedInterfaceOrientations_iPad = "UIInterfaceOrientationPortrait UIInterfaceOrientationPortraitUpsideDown UIInterfaceOrientationLandscapeLeft UIInterfaceOrientationLandscapeRight";
				INFOPLIST_KEY_UISupportedInterfaceOrientations_iPhone = "UIInterfaceOrientationPortrait UIInterfaceOrientationLandscapeLeft UIInterfaceOrientationLandscapeRight";
				LD_RUNPATH_SEARCH_PATHS = (
					"$(inherited)",
					"@executable_path/Frameworks",
				);
				MARKETING_VERSION = 1.0;
				PRODUCT_BUNDLE_IDENTIFIER = salakhoff.TotalBill;
				PRODUCT_NAME = "$(TARGET_NAME)";
				SWIFT_EMIT_LOC_STRINGS = YES;
				SWIFT_VERSION = 5.0;
				TARGETED_DEVICE_FAMILY = "1,2";
			};
			name = Debug;
		};
		173048A32958B80100882EAD /* Release */ = {
			isa = XCBuildConfiguration;
			buildSettings = {
				ASSETCATALOG_COMPILER_APPICON_NAME = AppIcon;
				ASSETCATALOG_COMPILER_GLOBAL_ACCENT_COLOR_NAME = AccentColor;
				CODE_SIGN_STYLE = Automatic;
				CURRENT_PROJECT_VERSION = 1;
				DEVELOPMENT_TEAM = 6CZNS4ZZ97;
				GENERATE_INFOPLIST_FILE = YES;
				INFOPLIST_FILE = TotalBill/SupportFiles/Info.plist;
				INFOPLIST_KEY_UIApplicationSupportsIndirectInputEvents = YES;
				INFOPLIST_KEY_UILaunchStoryboardName = LaunchScreen;
				INFOPLIST_KEY_UISupportedInterfaceOrientations_iPad = "UIInterfaceOrientationPortrait UIInterfaceOrientationPortraitUpsideDown UIInterfaceOrientationLandscapeLeft UIInterfaceOrientationLandscapeRight";
				INFOPLIST_KEY_UISupportedInterfaceOrientations_iPhone = "UIInterfaceOrientationPortrait UIInterfaceOrientationLandscapeLeft UIInterfaceOrientationLandscapeRight";
				LD_RUNPATH_SEARCH_PATHS = (
					"$(inherited)",
					"@executable_path/Frameworks",
				);
				MARKETING_VERSION = 1.0;
				PRODUCT_BUNDLE_IDENTIFIER = salakhoff.TotalBill;
				PRODUCT_NAME = "$(TARGET_NAME)";
				SWIFT_EMIT_LOC_STRINGS = YES;
				SWIFT_VERSION = 5.0;
				TARGETED_DEVICE_FAMILY = "1,2";
			};
			name = Release;
		};
/* End XCBuildConfiguration section */

/* Begin XCConfigurationList section */
		173048882958B7FE00882EAD /* Build configuration list for PBXProject "TotalBill" */ = {
			isa = XCConfigurationList;
			buildConfigurations = (
				1730489F2958B80100882EAD /* Debug */,
				173048A02958B80100882EAD /* Release */,
			);
			defaultConfigurationIsVisible = 0;
			defaultConfigurationName = Release;
		};
		173048A12958B80100882EAD /* Build configuration list for PBXNativeTarget "TotalBill" */ = {
			isa = XCConfigurationList;
			buildConfigurations = (
				173048A22958B80100882EAD /* Debug */,
				173048A32958B80100882EAD /* Release */,
			);
			defaultConfigurationIsVisible = 0;
			defaultConfigurationName = Release;
		};
/* End XCConfigurationList section */
	};
	rootObject = 173048852958B7FE00882EAD /* Project object */;
}
